{
    "version": 3,
    "terraform_version": "0.9.8",
    "serial": 2,
    "lineage": "dfdd1232-cc9d-40f0-b6ac-40cde32e32da",
    "modules": [
        {
            "path": [
                "root"
            ],
            "outputs": {},
            "resources": {},
            "depends_on": []
        },
        {
            "path": [
                "root",
                "staging_environment_blue"
            ],
            "outputs": {},
            "resources": {
                "aws_autoscaling_group.pipeline_1_asg": {
                    "type": "aws_autoscaling_group",
                    "depends_on": [
                        "aws_elb.pipeline_1_elb",
                        "aws_launch_configuration.pipeline_1_launch_config",
                        "data.aws_subnet_ids.all"
                    ],
                    "primary": {
                        "id": "pipeline-1-asg-staging-1",
                        "attributes": {
                            "arn": "arn:aws:autoscaling:us-west-2:143464472856:autoScalingGroup:6acf42c5-ead6-4b79-b276-a63b179f3049:autoScalingGroupName/pipeline-1-asg-staging-1",
                            "availability_zones.#": "2",
                            "availability_zones.221770259": "us-west-2b",
                            "availability_zones.2487133097": "us-west-2a",
                            "default_cooldown": "300",
                            "desired_capacity": "2",
                            "force_delete": "true",
                            "health_check_grace_period": "300",
                            "health_check_type": "EC2",
                            "id": "pipeline-1-asg-staging-1",
                            "launch_configuration": "terraform-0027d1b11c632dabcf9f682dee",
                            "load_balancers.#": "1",
                            "load_balancers.2594315515": "pipeline-1-elb-staging-1",
                            "max_size": "3",
                            "metrics_granularity": "1Minute",
                            "min_size": "2",
                            "name": "pipeline-1-asg-staging-1",
                            "placement_group": "",
                            "protect_from_scale_in": "false",
                            "suspended_processes.#": "0",
                            "tag.#": "2",
                            "tag.1614417654.key": "Name",
                            "tag.1614417654.propagate_at_launch": "true",
                            "tag.1614417654.value": "pipeline-1-asg-staging-1",
                            "tag.2808504261.key": "Env",
                            "tag.2808504261.propagate_at_launch": "true",
                            "tag.2808504261.value": "staging",
                            "target_group_arns.#": "0",
                            "termination_policies.#": "0",
                            "vpc_zone_identifier.#": "2",
                            "vpc_zone_identifier.2319371242": "subnet-502aef18",
                            "vpc_zone_identifier.840394661": "subnet-20872046",
                            "wait_for_capacity_timeout": "10m"
                        },
                        "meta": {},
                        "tainted": false
                    },
                    "deposed": [],
                    "provider": ""
                },
                "aws_elb.pipeline_1_elb": {
                    "type": "aws_elb",
                    "depends_on": [
                        "data.aws_security_group.elb",
                        "data.aws_subnet_ids.all"
                    ],
                    "primary": {
                        "id": "pipeline-1-elb-staging-1",
                        "attributes": {
                            "access_logs.#": "0",
                            "availability_zones.#": "2",
                            "availability_zones.221770259": "us-west-2b",
                            "availability_zones.2487133097": "us-west-2a",
                            "connection_draining": "true",
                            "connection_draining_timeout": "400",
                            "cross_zone_load_balancing": "true",
                            "dns_name": "pipeline-1-elb-staging-1-1036893582.us-west-2.elb.amazonaws.com",
                            "health_check.#": "1",
                            "health_check.0.healthy_threshold": "10",
                            "health_check.0.interval": "30",
                            "health_check.0.target": "TCP:3000",
                            "health_check.0.timeout": "3",
                            "health_check.0.unhealthy_threshold": "2",
                            "id": "pipeline-1-elb-staging-1",
                            "idle_timeout": "400",
                            "instances.#": "0",
                            "internal": "false",
                            "listener.#": "1",
                            "listener.2797230273.instance_port": "3000",
                            "listener.2797230273.instance_protocol": "http",
                            "listener.2797230273.lb_port": "80",
                            "listener.2797230273.lb_protocol": "http",
                            "listener.2797230273.ssl_certificate_id": "",
                            "name": "pipeline-1-elb-staging-1",
                            "security_groups.#": "1",
                            "security_groups.3073048171": "sg-6fecec15",
                            "source_security_group": "143464472856/pipeline-1-security-group-elb",
                            "source_security_group_id": "sg-6fecec15",
                            "subnets.#": "2",
                            "subnets.2319371242": "subnet-502aef18",
                            "subnets.840394661": "subnet-20872046",
                            "tags.%": "2",
                            "tags.Env": "staging-1",
                            "tags.Name": "pipeline-1-elb-staging-1",
                            "zone_id": "Z1H1FL5HABSF5"
                        },
                        "meta": {},
                        "tainted": false
                    },
                    "deposed": [],
                    "provider": ""
                },
                "aws_launch_configuration.pipeline_1_launch_config": {
                    "type": "aws_launch_configuration",
                    "depends_on": [
                        "data.aws_ami.deployment_image",
                        "data.aws_security_group.asg"
                    ],
                    "primary": {
                        "id": "terraform-0027d1b11c632dabcf9f682dee",
                        "attributes": {
                            "associate_public_ip_address": "false",
                            "ebs_block_device.#": "0",
                            "ebs_optimized": "false",
                            "enable_monitoring": "true",
                            "ephemeral_block_device.#": "0",
                            "iam_instance_profile": "",
                            "id": "terraform-0027d1b11c632dabcf9f682dee",
                            "image_id": "ami-c3689cbb",
                            "instance_type": "t2.micro",
                            "key_name": "pipeline-key",
                            "name": "terraform-0027d1b11c632dabcf9f682dee",
                            "root_block_device.#": "0",
                            "security_groups.#": "1",
                            "security_groups.171138403": "sg-d0ebebaa",
                            "spot_price": "",
                            "user_data": "da39a3ee5e6b4b0d3255bfef95601890afd80709",
                            "vpc_classic_link_id": "",
                            "vpc_classic_link_security_groups.#": "0"
                        },
                        "meta": {},
                        "tainted": false
                    },
                    "deposed": [],
                    "provider": ""
                },
                "aws_route53_record.env": {
                    "type": "aws_route53_record",
                    "depends_on": [
                        "aws_elb.pipeline_1_elb",
                        "data.aws_route53_zone.main"
                    ],
                    "primary": {
                        "id": "Z88X95OVZP73G_staging-1.opencoinproject.com._A",
                        "attributes": {
                            "alias.#": "1",
                            "alias.3244888536.evaluate_target_health": "false",
                            "alias.3244888536.name": "pipeline-1-elb-staging-1-1036893582.us-west-2.elb.amazonaws.com",
                            "alias.3244888536.zone_id": "Z1H1FL5HABSF5",
                            "fqdn": "staging-1.opencoinproject.com",
                            "health_check_id": "",
                            "id": "Z88X95OVZP73G_staging-1.opencoinproject.com._A",
                            "name": "staging-1.opencoinproject.com",
                            "records.#": "0",
                            "set_identifier": "",
                            "ttl": "0",
                            "type": "A",
                            "zone_id": "Z88X95OVZP73G"
                        },
                        "meta": {
                            "schema_version": "2"
                        },
                        "tainted": false
                    },
                    "deposed": [],
                    "provider": ""
                },
                "data.aws_ami.deployment_image": {
                    "type": "aws_ami",
                    "depends_on": [],
                    "primary": {
                        "id": "ami-c3689cbb",
                        "attributes": {
                            "architecture": "x86_64",
                            "block_device_mappings.#": "1",
                            "block_device_mappings.340275815.device_name": "/dev/xvda",
                            "block_device_mappings.340275815.ebs.%": "6",
                            "block_device_mappings.340275815.ebs.delete_on_termination": "true",
                            "block_device_mappings.340275815.ebs.encrypted": "false",
                            "block_device_mappings.340275815.ebs.iops": "0",
                            "block_device_mappings.340275815.ebs.snapshot_id": "snap-077fa02f5c56128d0",
                            "block_device_mappings.340275815.ebs.volume_size": "8",
                            "block_device_mappings.340275815.ebs.volume_type": "gp2",
                            "block_device_mappings.340275815.no_device": "",
                            "block_device_mappings.340275815.virtual_name": "",
                            "creation_date": "2017-09-05T21:40:53.000Z",
                            "description": "image for the calendar app",
                            "filter.#": "1",
                            "filter.3984747198.name": "tag:version",
                            "filter.3984747198.values.#": "1",
                            "filter.3984747198.values.0": "1.0",
                            "hypervisor": "xen",
                            "id": "ami-c3689cbb",
                            "image_id": "ami-c3689cbb",
                            "image_location": "143464472856/calendar-app-image",
                            "image_type": "machine",
                            "most_recent": "true",
                            "name": "calendar-app-image",
                            "owner_id": "143464472856",
                            "owners.#": "1",
                            "owners.0": "self",
                            "product_codes.#": "0",
                            "public": "false",
                            "root_device_name": "/dev/xvda",
                            "root_device_type": "ebs",
                            "sriov_net_support": "simple",
                            "state": "available",
                            "state_reason.%": "2",
                            "state_reason.code": "UNSET",
                            "state_reason.message": "UNSET",
                            "tags.#": "1",
                            "tags.4087082527.key": "version",
                            "tags.4087082527.value": "1.0",
                            "virtualization_type": "hvm"
                        },
                        "meta": {},
                        "tainted": false
                    },
                    "deposed": [],
                    "provider": ""
                },
                "data.aws_route53_zone.main": {
                    "type": "aws_route53_zone",
                    "depends_on": [],
                    "primary": {
                        "id": "Z88X95OVZP73G",
                        "attributes": {
                            "caller_reference": "RISWorkflow-RD:4ec9ee7d-f254-4848-9c10-361342c7bc1c",
                            "comment": "HostedZone created by Route53 Registrar",
                            "id": "Z88X95OVZP73G",
                            "name": "opencoinproject.com.",
                            "private_zone": "false",
                            "resource_record_set_count": "5",
                            "zone_id": "Z88X95OVZP73G"
                        },
                        "meta": {},
                        "tainted": false
                    },
                    "deposed": [],
                    "provider": ""
                },
                "data.aws_security_group.asg": {
                    "type": "aws_security_group",
                    "depends_on": [],
                    "primary": {
                        "id": "sg-d0ebebaa",
                        "attributes": {
                            "arn": "arn:aws:ec2:us-west-2:143464472856/security-group/sg-d0ebebaa",
                            "id": "sg-d0ebebaa",
                            "name": "pipeline-1-security-group-ec2",
                            "tags.%": "0",
                            "vpc_id": "vpc-8378ece5"
                        },
                        "meta": {},
                        "tainted": false
                    },
                    "deposed": [],
                    "provider": ""
                },
                "data.aws_security_group.elb": {
                    "type": "aws_security_group",
                    "depends_on": [],
                    "primary": {
                        "id": "sg-6fecec15",
                        "attributes": {
                            "arn": "arn:aws:ec2:us-west-2:143464472856/security-group/sg-6fecec15",
                            "id": "sg-6fecec15",
                            "name": "pipeline-1-security-group-elb",
                            "tags.%": "0",
                            "vpc_id": "vpc-8378ece5"
                        },
                        "meta": {},
                        "tainted": false
                    },
                    "deposed": [],
                    "provider": ""
                },
                "data.aws_subnet_ids.all": {
                    "type": "aws_subnet_ids",
                    "depends_on": [
                        "data.aws_vpc.pipeline"
                    ],
                    "primary": {
                        "id": "vpc-8378ece5",
                        "attributes": {
                            "id": "vpc-8378ece5",
                            "ids.#": "2",
                            "ids.2319371242": "subnet-502aef18",
                            "ids.840394661": "subnet-20872046",
                            "vpc_id": "vpc-8378ece5"
                        },
                        "meta": {},
                        "tainted": false
                    },
                    "deposed": [],
                    "provider": ""
                },
                "data.aws_vpc.pipeline": {
                    "type": "aws_vpc",
                    "depends_on": [],
                    "primary": {
                        "id": "vpc-8378ece5",
                        "attributes": {
                            "cidr_block": "10.0.0.0/16",
                            "default": "false",
                            "dhcp_options_id": "dopt-801f1ee5",
                            "id": "vpc-8378ece5",
                            "instance_tenancy": "default",
                            "state": "available",
                            "tags.%": "1",
                            "tags.Name": "pipeline_1_vpc"
                        },
                        "meta": {},
                        "tainted": false
                    },
                    "deposed": [],
                    "provider": ""
                }
            },
            "depends_on": []
        },
        {
            "path": [
                "root",
                "staging_environment_green"
            ],
            "outputs": {},
            "resources": {
                "aws_autoscaling_group.pipeline_1_asg": {
                    "type": "aws_autoscaling_group",
                    "depends_on": [
                        "aws_elb.pipeline_1_elb",
                        "aws_launch_configuration.pipeline_1_launch_config",
                        "data.aws_subnet_ids.all"
                    ],
                    "primary": {
                        "id": "pipeline-1-asg-staging-2",
                        "attributes": {
                            "arn": "arn:aws:autoscaling:us-west-2:143464472856:autoScalingGroup:257e2b96-73b8-4654-a2cc-8bff209fcfa9:autoScalingGroupName/pipeline-1-asg-staging-2",
                            "availability_zones.#": "2",
                            "availability_zones.221770259": "us-west-2b",
                            "availability_zones.2487133097": "us-west-2a",
                            "default_cooldown": "300",
                            "desired_capacity": "2",
                            "force_delete": "true",
                            "health_check_grace_period": "300",
                            "health_check_type": "EC2",
                            "id": "pipeline-1-asg-staging-2",
                            "launch_configuration": "terraform-0027d1b11c632dabcf9f682def",
                            "load_balancers.#": "1",
                            "load_balancers.61558081": "pipeline-1-elb-staging-2",
                            "max_size": "3",
                            "metrics_granularity": "1Minute",
                            "min_size": "2",
                            "name": "pipeline-1-asg-staging-2",
                            "placement_group": "",
                            "protect_from_scale_in": "false",
                            "suspended_processes.#": "0",
                            "tag.#": "2",
                            "tag.1372722283.key": "Name",
                            "tag.1372722283.propagate_at_launch": "true",
                            "tag.1372722283.value": "pipeline-1-asg-staging-2",
                            "tag.2808504261.key": "Env",
                            "tag.2808504261.propagate_at_launch": "true",
                            "tag.2808504261.value": "staging",
                            "target_group_arns.#": "0",
                            "termination_policies.#": "0",
                            "vpc_zone_identifier.#": "2",
                            "vpc_zone_identifier.2319371242": "subnet-502aef18",
                            "vpc_zone_identifier.840394661": "subnet-20872046",
                            "wait_for_capacity_timeout": "10m"
                        },
                        "meta": {},
                        "tainted": false
                    },
                    "deposed": [],
                    "provider": ""
                },
                "aws_elb.pipeline_1_elb": {
                    "type": "aws_elb",
                    "depends_on": [
                        "data.aws_security_group.elb",
                        "data.aws_subnet_ids.all"
                    ],
                    "primary": {
                        "id": "pipeline-1-elb-staging-2",
                        "attributes": {
                            "access_logs.#": "0",
                            "availability_zones.#": "2",
                            "availability_zones.221770259": "us-west-2b",
                            "availability_zones.2487133097": "us-west-2a",
                            "connection_draining": "true",
                            "connection_draining_timeout": "400",
                            "cross_zone_load_balancing": "true",
                            "dns_name": "pipeline-1-elb-staging-2-1101974076.us-west-2.elb.amazonaws.com",
                            "health_check.#": "1",
                            "health_check.0.healthy_threshold": "10",
                            "health_check.0.interval": "30",
                            "health_check.0.target": "TCP:3000",
                            "health_check.0.timeout": "3",
                            "health_check.0.unhealthy_threshold": "2",
                            "id": "pipeline-1-elb-staging-2",
                            "idle_timeout": "400",
                            "instances.#": "0",
                            "internal": "false",
                            "listener.#": "1",
                            "listener.2797230273.instance_port": "3000",
                            "listener.2797230273.instance_protocol": "http",
                            "listener.2797230273.lb_port": "80",
                            "listener.2797230273.lb_protocol": "http",
                            "listener.2797230273.ssl_certificate_id": "",
                            "name": "pipeline-1-elb-staging-2",
                            "security_groups.#": "1",
                            "security_groups.3073048171": "sg-6fecec15",
                            "source_security_group": "143464472856/pipeline-1-security-group-elb",
                            "source_security_group_id": "sg-6fecec15",
                            "subnets.#": "2",
                            "subnets.2319371242": "subnet-502aef18",
                            "subnets.840394661": "subnet-20872046",
                            "tags.%": "2",
                            "tags.Env": "staging-2",
                            "tags.Name": "pipeline-1-elb-staging-2",
                            "zone_id": "Z1H1FL5HABSF5"
                        },
                        "meta": {},
                        "tainted": false
                    },
                    "deposed": [],
                    "provider": ""
                },
                "aws_launch_configuration.pipeline_1_launch_config": {
                    "type": "aws_launch_configuration",
                    "depends_on": [
                        "data.aws_ami.deployment_image",
                        "data.aws_security_group.asg"
                    ],
                    "primary": {
                        "id": "terraform-0027d1b11c632dabcf9f682def",
                        "attributes": {
                            "associate_public_ip_address": "false",
                            "ebs_block_device.#": "0",
                            "ebs_optimized": "false",
                            "enable_monitoring": "true",
                            "ephemeral_block_device.#": "0",
                            "iam_instance_profile": "",
                            "id": "terraform-0027d1b11c632dabcf9f682def",
                            "image_id": "ami-c3689cbb",
                            "instance_type": "t2.micro",
                            "key_name": "pipeline-key",
                            "name": "terraform-0027d1b11c632dabcf9f682def",
                            "root_block_device.#": "0",
                            "security_groups.#": "1",
                            "security_groups.171138403": "sg-d0ebebaa",
                            "spot_price": "",
                            "user_data": "da39a3ee5e6b4b0d3255bfef95601890afd80709",
                            "vpc_classic_link_id": "",
                            "vpc_classic_link_security_groups.#": "0"
                        },
                        "meta": {},
                        "tainted": false
                    },
                    "deposed": [],
                    "provider": ""
                },
                "aws_route53_record.env": {
                    "type": "aws_route53_record",
                    "depends_on": [
                        "aws_elb.pipeline_1_elb",
                        "data.aws_route53_zone.main"
                    ],
                    "primary": {
                        "id": "Z88X95OVZP73G_staging-2.opencoinproject.com._A",
                        "attributes": {
                            "alias.#": "1",
                            "alias.1775561865.evaluate_target_health": "false",
                            "alias.1775561865.name": "pipeline-1-elb-staging-2-1101974076.us-west-2.elb.amazonaws.com",
                            "alias.1775561865.zone_id": "Z1H1FL5HABSF5",
                            "fqdn": "staging-2.opencoinproject.com",
                            "health_check_id": "",
                            "id": "Z88X95OVZP73G_staging-2.opencoinproject.com._A",
                            "name": "staging-2.opencoinproject.com",
                            "records.#": "0",
                            "set_identifier": "",
                            "ttl": "0",
                            "type": "A",
                            "zone_id": "Z88X95OVZP73G"
                        },
                        "meta": {
                            "schema_version": "2"
                        },
                        "tainted": false
                    },
                    "deposed": [],
                    "provider": ""
                },
                "data.aws_ami.deployment_image": {
                    "type": "aws_ami",
                    "depends_on": [],
                    "primary": {
                        "id": "ami-c3689cbb",
                        "attributes": {
                            "architecture": "x86_64",
                            "block_device_mappings.#": "1",
                            "block_device_mappings.340275815.device_name": "/dev/xvda",
                            "block_device_mappings.340275815.ebs.%": "6",
                            "block_device_mappings.340275815.ebs.delete_on_termination": "true",
                            "block_device_mappings.340275815.ebs.encrypted": "false",
                            "block_device_mappings.340275815.ebs.iops": "0",
                            "block_device_mappings.340275815.ebs.snapshot_id": "snap-077fa02f5c56128d0",
                            "block_device_mappings.340275815.ebs.volume_size": "8",
                            "block_device_mappings.340275815.ebs.volume_type": "gp2",
                            "block_device_mappings.340275815.no_device": "",
                            "block_device_mappings.340275815.virtual_name": "",
                            "creation_date": "2017-09-05T21:40:53.000Z",
                            "description": "image for the calendar app",
                            "filter.#": "1",
                            "filter.3984747198.name": "tag:version",
                            "filter.3984747198.values.#": "1",
                            "filter.3984747198.values.0": "1.0",
                            "hypervisor": "xen",
                            "id": "ami-c3689cbb",
                            "image_id": "ami-c3689cbb",
                            "image_location": "143464472856/calendar-app-image",
                            "image_type": "machine",
                            "most_recent": "true",
                            "name": "calendar-app-image",
                            "owner_id": "143464472856",
                            "owners.#": "1",
                            "owners.0": "self",
                            "product_codes.#": "0",
                            "public": "false",
                            "root_device_name": "/dev/xvda",
                            "root_device_type": "ebs",
                            "sriov_net_support": "simple",
                            "state": "available",
                            "state_reason.%": "2",
                            "state_reason.code": "UNSET",
                            "state_reason.message": "UNSET",
                            "tags.#": "1",
                            "tags.4087082527.key": "version",
                            "tags.4087082527.value": "1.0",
                            "virtualization_type": "hvm"
                        },
                        "meta": {},
                        "tainted": false
                    },
                    "deposed": [],
                    "provider": ""
                },
                "data.aws_route53_zone.main": {
                    "type": "aws_route53_zone",
                    "depends_on": [],
                    "primary": {
                        "id": "Z88X95OVZP73G",
                        "attributes": {
                            "caller_reference": "RISWorkflow-RD:4ec9ee7d-f254-4848-9c10-361342c7bc1c",
                            "comment": "HostedZone created by Route53 Registrar",
                            "id": "Z88X95OVZP73G",
                            "name": "opencoinproject.com.",
                            "private_zone": "false",
                            "resource_record_set_count": "5",
                            "zone_id": "Z88X95OVZP73G"
                        },
                        "meta": {},
                        "tainted": false
                    },
                    "deposed": [],
                    "provider": ""
                },
                "data.aws_security_group.asg": {
                    "type": "aws_security_group",
                    "depends_on": [],
                    "primary": {
                        "id": "sg-d0ebebaa",
                        "attributes": {
                            "arn": "arn:aws:ec2:us-west-2:143464472856/security-group/sg-d0ebebaa",
                            "id": "sg-d0ebebaa",
                            "name": "pipeline-1-security-group-ec2",
                            "tags.%": "0",
                            "vpc_id": "vpc-8378ece5"
                        },
                        "meta": {},
                        "tainted": false
                    },
                    "deposed": [],
                    "provider": ""
                },
                "data.aws_security_group.elb": {
                    "type": "aws_security_group",
                    "depends_on": [],
                    "primary": {
                        "id": "sg-6fecec15",
                        "attributes": {
                            "arn": "arn:aws:ec2:us-west-2:143464472856/security-group/sg-6fecec15",
                            "id": "sg-6fecec15",
                            "name": "pipeline-1-security-group-elb",
                            "tags.%": "0",
                            "vpc_id": "vpc-8378ece5"
                        },
                        "meta": {},
                        "tainted": false
                    },
                    "deposed": [],
                    "provider": ""
                },
                "data.aws_subnet_ids.all": {
                    "type": "aws_subnet_ids",
                    "depends_on": [
                        "data.aws_vpc.pipeline"
                    ],
                    "primary": {
                        "id": "vpc-8378ece5",
                        "attributes": {
                            "id": "vpc-8378ece5",
                            "ids.#": "2",
                            "ids.2319371242": "subnet-502aef18",
                            "ids.840394661": "subnet-20872046",
                            "vpc_id": "vpc-8378ece5"
                        },
                        "meta": {},
                        "tainted": false
                    },
                    "deposed": [],
                    "provider": ""
                },
                "data.aws_vpc.pipeline": {
                    "type": "aws_vpc",
                    "depends_on": [],
                    "primary": {
                        "id": "vpc-8378ece5",
                        "attributes": {
                            "cidr_block": "10.0.0.0/16",
                            "default": "false",
                            "dhcp_options_id": "dopt-801f1ee5",
                            "id": "vpc-8378ece5",
                            "instance_tenancy": "default",
                            "state": "available",
                            "tags.%": "1",
                            "tags.Name": "pipeline_1_vpc"
                        },
                        "meta": {},
                        "tainted": false
                    },
                    "deposed": [],
                    "provider": ""
                }
            },
            "depends_on": []
        }
    ]
}
