{
    "version": 3,
    "terraform_version": "0.9.8",
    "serial": 5,
    "lineage": "40fc84b6-1d29-4723-af5c-6dfc1e0a3bed",
    "modules": [
        {
            "path": [
                "root"
            ],
            "outputs": {},
            "resources": {
                "aws_autoscaling_group.pipeline_1_asg": {
                    "type": "aws_autoscaling_group",
                    "depends_on": [
                        "aws_elb.pipeline_1_elb",
                        "aws_launch_configuration.pipeline_1_launch_config",
                        "aws_subnet.pipeline_1_vpc_subnet_1",
                        "aws_subnet.pipeline_1_vpc_subnet_2"
                    ],
                    "primary": {
                        "id": "pipeline-1-autoscaling-group",
                        "attributes": {
                            "arn": "arn:aws:autoscaling:us-west-2:143464472856:autoScalingGroup:29983510-efc7-428f-843d-5c63e086298d:autoScalingGroupName/pipeline-1-autoscaling-group",
                            "availability_zones.#": "2",
                            "availability_zones.2050015877": "us-west-2c",
                            "availability_zones.221770259": "us-west-2b",
                            "default_cooldown": "300",
                            "desired_capacity": "1",
                            "force_delete": "true",
                            "health_check_grace_period": "300",
                            "health_check_type": "EC2",
                            "id": "pipeline-1-autoscaling-group",
                            "launch_configuration": "pipeline-1-launch-config",
                            "load_balancers.#": "1",
                            "load_balancers.3243015769": "pipeline-1-elb",
                            "max_size": "2",
                            "metrics_granularity": "1Minute",
                            "min_size": "1",
                            "name": "pipeline-1-autoscaling-group",
                            "placement_group": "",
                            "protect_from_scale_in": "false",
                            "suspended_processes.#": "0",
                            "tag.#": "1",
                            "tag.2806567348.key": "Name",
                            "tag.2806567348.propagate_at_launch": "true",
                            "tag.2806567348.value": "pipeline-1-asg",
                            "target_group_arns.#": "0",
                            "termination_policies.#": "0",
                            "vpc_zone_identifier.#": "2",
                            "vpc_zone_identifier.1564799587": "subnet-70ec892b",
                            "vpc_zone_identifier.4244964851": "subnet-103ef576",
                            "wait_for_capacity_timeout": "10m"
                        },
                        "meta": {},
                        "tainted": false
                    },
                    "deposed": [],
                    "provider": ""
                },
                "aws_elb.pipeline_1_elb": {
                    "type": "aws_elb",
                    "depends_on": [
                        "aws_security_group.pipeline_1_security_group_elb",
                        "aws_subnet.pipeline_1_vpc_subnet_1",
                        "aws_subnet.pipeline_1_vpc_subnet_2"
                    ],
                    "primary": {
                        "id": "pipeline-1-elb",
                        "attributes": {
                            "access_logs.#": "0",
                            "availability_zones.#": "2",
                            "availability_zones.2050015877": "us-west-2c",
                            "availability_zones.221770259": "us-west-2b",
                            "connection_draining": "true",
                            "connection_draining_timeout": "400",
                            "cross_zone_load_balancing": "true",
                            "dns_name": "pipeline-1-elb-692670345.us-west-2.elb.amazonaws.com",
                            "health_check.#": "1",
                            "health_check.0.healthy_threshold": "10",
                            "health_check.0.interval": "30",
                            "health_check.0.target": "HTTP:80/",
                            "health_check.0.timeout": "3",
                            "health_check.0.unhealthy_threshold": "2",
                            "id": "pipeline-1-elb",
                            "idle_timeout": "400",
                            "instances.#": "0",
                            "internal": "false",
                            "listener.#": "1",
                            "listener.3057123346.instance_port": "80",
                            "listener.3057123346.instance_protocol": "http",
                            "listener.3057123346.lb_port": "80",
                            "listener.3057123346.lb_protocol": "http",
                            "listener.3057123346.ssl_certificate_id": "",
                            "name": "pipeline-1-elb",
                            "security_groups.#": "1",
                            "security_groups.393127288": "sg-02ecbe78",
                            "source_security_group": "143464472856/pipeline-1-security-group-elb",
                            "source_security_group_id": "sg-02ecbe78",
                            "subnets.#": "2",
                            "subnets.1564799587": "subnet-70ec892b",
                            "subnets.4244964851": "subnet-103ef576",
                            "tags.%": "0",
                            "zone_id": "Z1H1FL5HABSF5"
                        },
                        "meta": {},
                        "tainted": false
                    },
                    "deposed": [],
                    "provider": ""
                },
                "aws_internet_gateway.pipeline_1_vpc_igw": {
                    "type": "aws_internet_gateway",
                    "depends_on": [
                        "aws_vpc.pipeline_1_vpc"
                    ],
                    "primary": {
                        "id": "igw-a63f5fc1",
                        "attributes": {
                            "id": "igw-a63f5fc1",
                            "tags.%": "1",
                            "tags.Name": "pipeline_1_vpc_ig",
                            "vpc_id": "vpc-0cb40c6a"
                        },
                        "meta": {},
                        "tainted": false
                    },
                    "deposed": [],
                    "provider": ""
                },
                "aws_key_pair.pipeline_1_key_pair": {
                    "type": "aws_key_pair",
                    "depends_on": [],
                    "primary": {
                        "id": "pipeline-key",
                        "attributes": {
                            "id": "pipeline-key",
                            "key_name": "pipeline-key",
                            "public_key": "ssh-rsa AAAAB3NzaC1yc2EAAAADAQABAAACAQDQpHr9rkN1H4cmNIWKplQlTXKm/r3f6UeoD/H9lykZf5K5/2foY0Gqj4OKRVlDBBmwCVGl5N7XW9cWy2FuzY05RIH5+e7oaeQhppdzxGZdz190ImusRbVGhZTGO5gsy+GHjlpyHmjfmv0afxWroeo8SRhu/bkWjulGP7AdSJLEGZKgwFZdvoeGzbjfzC48gyBvRRsssOCxqEOW3mMzNipm6hoIUdkYFmVF3PL1LgrLhTZ2oIGRIt2R7wvUhkbGNVHVhvLg0BgJ73mQEWhjrELtc9lg6RmtlsGVKfq47BwkmrNcu691IfdelaHZXKujzMbZyxIzLzupGJ9c/sMUs1ON9WZCfUmtL9wgNa+TvZXLhk1CeF91AM6IakFHjA7unKsysrh0msKSos5Oa5fGD5oLvURbLzrNOMCE1IK0xn8N/9yW7Jje1bKquiyEuS9hPgY5HpmI6DuHxq/8nk0moC5SchNu/SK4zFjkDf1zDILQsrPCOBmmN7FiF7m5nmtb7Erj+qxAFxE1td3i6o6N7Kfbenw2EKmwESzDqb+Gvn2df24s0ika0sqFRZuUb146ZzRHNOOdZ0sHlStUYCfUKq4f6SZeYGZ1V4Kal/eqetOFRj6a163E9oBG2Ua04WU7naaGvJ94WGaMuwrygQeVTdBj+F1GTYbqmT8Vu2cs4lca1w== Tunde Oladipupo"
                        },
                        "meta": {
                            "schema_version": "1"
                        },
                        "tainted": false
                    },
                    "deposed": [],
                    "provider": ""
                },
                "aws_launch_configuration.pipeline_1_launch_config": {
                    "type": "aws_launch_configuration",
                    "depends_on": [
                        "aws_key_pair.pipeline_1_key_pair",
                        "aws_security_group.pipeline_1_security_group_ec2"
                    ],
                    "primary": {
                        "id": "pipeline-1-launch-config",
                        "attributes": {
                            "associate_public_ip_address": "false",
                            "ebs_block_device.#": "0",
                            "ebs_optimized": "false",
                            "enable_monitoring": "true",
                            "ephemeral_block_device.#": "0",
                            "iam_instance_profile": "",
                            "id": "pipeline-1-launch-config",
                            "image_id": "ami-6df1e514",
                            "instance_type": "t2.micro",
                            "key_name": "pipeline-key",
                            "name": "pipeline-1-launch-config",
                            "root_block_device.#": "0",
                            "security_groups.#": "1",
                            "security_groups.1255838533": "sg-57ebb92d",
                            "spot_price": "",
                            "user_data": "da39a3ee5e6b4b0d3255bfef95601890afd80709",
                            "vpc_classic_link_id": "",
                            "vpc_classic_link_security_groups.#": "0"
                        },
                        "meta": {},
                        "tainted": false
                    },
                    "deposed": [],
                    "provider": ""
                },
                "aws_route_table.pipeline_1_route_table": {
                    "type": "aws_route_table",
                    "depends_on": [
                        "aws_internet_gateway.pipeline_1_vpc_igw",
                        "aws_vpc.pipeline_1_vpc"
                    ],
                    "primary": {
                        "id": "rtb-3d485b5b",
                        "attributes": {
                            "id": "rtb-3d485b5b",
                            "propagating_vgws.#": "0",
                            "route.#": "1",
                            "route.106592260.cidr_block": "0.0.0.0/0",
                            "route.106592260.egress_only_gateway_id": "",
                            "route.106592260.gateway_id": "igw-a63f5fc1",
                            "route.106592260.instance_id": "",
                            "route.106592260.ipv6_cidr_block": "",
                            "route.106592260.nat_gateway_id": "",
                            "route.106592260.network_interface_id": "",
                            "route.106592260.vpc_peering_connection_id": "",
                            "tags.%": "1",
                            "tags.Name": "pipeline_1_route_table",
                            "vpc_id": "vpc-0cb40c6a"
                        },
                        "meta": {},
                        "tainted": false
                    },
                    "deposed": [],
                    "provider": ""
                },
                "aws_route_table_association.pipeline_1_vpc_sub1_rt_assoc": {
                    "type": "aws_route_table_association",
                    "depends_on": [
                        "aws_route_table.pipeline_1_route_table",
                        "aws_subnet.pipeline_1_vpc_subnet_1"
                    ],
                    "primary": {
                        "id": "rtbassoc-ec07c894",
                        "attributes": {
                            "id": "rtbassoc-ec07c894",
                            "route_table_id": "rtb-3d485b5b",
                            "subnet_id": "subnet-70ec892b"
                        },
                        "meta": {},
                        "tainted": false
                    },
                    "deposed": [],
                    "provider": ""
                },
                "aws_route_table_association.pipeline_1_vpc_sub2_rt_assoc": {
                    "type": "aws_route_table_association",
                    "depends_on": [
                        "aws_route_table.pipeline_1_route_table",
                        "aws_subnet.pipeline_1_vpc_subnet_2"
                    ],
                    "primary": {
                        "id": "rtbassoc-9b05cae3",
                        "attributes": {
                            "id": "rtbassoc-9b05cae3",
                            "route_table_id": "rtb-3d485b5b",
                            "subnet_id": "subnet-103ef576"
                        },
                        "meta": {},
                        "tainted": false
                    },
                    "deposed": [],
                    "provider": ""
                },
                "aws_security_group.pipeline_1_security_group_ec2": {
                    "type": "aws_security_group",
                    "depends_on": [
                        "aws_security_group.pipeline_1_security_group_elb",
                        "aws_vpc.pipeline_1_vpc"
                    ],
                    "primary": {
                        "id": "sg-57ebb92d",
                        "attributes": {
                            "description": "Only allows port 80 and 22",
                            "egress.#": "1",
                            "egress.482069346.cidr_blocks.#": "1",
                            "egress.482069346.cidr_blocks.0": "0.0.0.0/0",
                            "egress.482069346.from_port": "0",
                            "egress.482069346.ipv6_cidr_blocks.#": "0",
                            "egress.482069346.prefix_list_ids.#": "0",
                            "egress.482069346.protocol": "-1",
                            "egress.482069346.security_groups.#": "0",
                            "egress.482069346.self": "false",
                            "egress.482069346.to_port": "0",
                            "id": "sg-57ebb92d",
                            "ingress.#": "2",
                            "ingress.2541437006.cidr_blocks.#": "1",
                            "ingress.2541437006.cidr_blocks.0": "0.0.0.0/0",
                            "ingress.2541437006.from_port": "22",
                            "ingress.2541437006.ipv6_cidr_blocks.#": "0",
                            "ingress.2541437006.protocol": "tcp",
                            "ingress.2541437006.security_groups.#": "0",
                            "ingress.2541437006.self": "false",
                            "ingress.2541437006.to_port": "22",
                            "ingress.581817116.cidr_blocks.#": "0",
                            "ingress.581817116.from_port": "80",
                            "ingress.581817116.ipv6_cidr_blocks.#": "0",
                            "ingress.581817116.protocol": "tcp",
                            "ingress.581817116.security_groups.#": "1",
                            "ingress.581817116.security_groups.393127288": "sg-02ecbe78",
                            "ingress.581817116.self": "false",
                            "ingress.581817116.to_port": "80",
                            "name": "pipeline-1-security-group-ec2",
                            "owner_id": "143464472856",
                            "tags.%": "0",
                            "vpc_id": "vpc-0cb40c6a"
                        },
                        "meta": {},
                        "tainted": false
                    },
                    "deposed": [],
                    "provider": ""
                },
                "aws_security_group.pipeline_1_security_group_elb": {
                    "type": "aws_security_group",
                    "depends_on": [
                        "aws_vpc.pipeline_1_vpc"
                    ],
                    "primary": {
                        "id": "sg-02ecbe78",
                        "attributes": {
                            "description": "Only allows port 80 and 22",
                            "egress.#": "1",
                            "egress.482069346.cidr_blocks.#": "1",
                            "egress.482069346.cidr_blocks.0": "0.0.0.0/0",
                            "egress.482069346.from_port": "0",
                            "egress.482069346.ipv6_cidr_blocks.#": "0",
                            "egress.482069346.prefix_list_ids.#": "0",
                            "egress.482069346.protocol": "-1",
                            "egress.482069346.security_groups.#": "0",
                            "egress.482069346.self": "false",
                            "egress.482069346.to_port": "0",
                            "id": "sg-02ecbe78",
                            "ingress.#": "1",
                            "ingress.2214680975.cidr_blocks.#": "1",
                            "ingress.2214680975.cidr_blocks.0": "0.0.0.0/0",
                            "ingress.2214680975.from_port": "80",
                            "ingress.2214680975.ipv6_cidr_blocks.#": "0",
                            "ingress.2214680975.protocol": "tcp",
                            "ingress.2214680975.security_groups.#": "0",
                            "ingress.2214680975.self": "false",
                            "ingress.2214680975.to_port": "80",
                            "name": "pipeline-1-security-group-elb",
                            "owner_id": "143464472856",
                            "tags.%": "0",
                            "vpc_id": "vpc-0cb40c6a"
                        },
                        "meta": {},
                        "tainted": false
                    },
                    "deposed": [],
                    "provider": ""
                },
                "aws_subnet.pipeline_1_vpc_subnet_1": {
                    "type": "aws_subnet",
                    "depends_on": [
                        "aws_vpc.pipeline_1_vpc"
                    ],
                    "primary": {
                        "id": "subnet-70ec892b",
                        "attributes": {
                            "assign_ipv6_address_on_creation": "false",
                            "availability_zone": "us-west-2c",
                            "cidr_block": "10.0.0.0/24",
                            "id": "subnet-70ec892b",
                            "map_public_ip_on_launch": "true",
                            "tags.%": "1",
                            "tags.Name": "pipeline_1_vpc_subnet_1",
                            "vpc_id": "vpc-0cb40c6a"
                        },
                        "meta": {
                            "schema_version": "1"
                        },
                        "tainted": false
                    },
                    "deposed": [],
                    "provider": ""
                },
                "aws_subnet.pipeline_1_vpc_subnet_2": {
                    "type": "aws_subnet",
                    "depends_on": [
                        "aws_vpc.pipeline_1_vpc"
                    ],
                    "primary": {
                        "id": "subnet-103ef576",
                        "attributes": {
                            "assign_ipv6_address_on_creation": "false",
                            "availability_zone": "us-west-2b",
                            "cidr_block": "10.0.1.0/24",
                            "id": "subnet-103ef576",
                            "map_public_ip_on_launch": "true",
                            "tags.%": "1",
                            "tags.Name": "pipeline_1_vpc_subnet_2",
                            "vpc_id": "vpc-0cb40c6a"
                        },
                        "meta": {
                            "schema_version": "1"
                        },
                        "tainted": false
                    },
                    "deposed": [],
                    "provider": ""
                },
                "aws_vpc.pipeline_1_vpc": {
                    "type": "aws_vpc",
                    "depends_on": [],
                    "primary": {
                        "id": "vpc-0cb40c6a",
                        "attributes": {
                            "assign_generated_ipv6_cidr_block": "false",
                            "cidr_block": "10.0.0.0/16",
                            "default_network_acl_id": "acl-2d1b514b",
                            "default_route_table_id": "rtb-3c485b5a",
                            "default_security_group_id": "sg-56ebb92c",
                            "dhcp_options_id": "dopt-801f1ee5",
                            "enable_classiclink": "false",
                            "enable_dns_hostnames": "true",
                            "enable_dns_support": "true",
                            "id": "vpc-0cb40c6a",
                            "instance_tenancy": "default",
                            "main_route_table_id": "rtb-3c485b5a",
                            "tags.%": "1",
                            "tags.Name": "pipeline_1_vpc"
                        },
                        "meta": {
                            "schema_version": "1"
                        },
                        "tainted": false
                    },
                    "deposed": [],
                    "provider": ""
                }
            },
            "depends_on": []
        }
    ]
}
