{
    "version": 3,
    "terraform_version": "0.9.8",
    "serial": 23,
    "lineage": "40fc84b6-1d29-4723-af5c-6dfc1e0a3bed",
    "modules": [
        {
            "path": [
                "root"
            ],
            "outputs": {},
            "resources": {
                "aws_internet_gateway.pipeline_1_vpc_igw": {
                    "type": "aws_internet_gateway",
                    "depends_on": [
                        "aws_vpc.pipeline_1_vpc"
                    ],
                    "primary": {
                        "id": "igw-c9b4c2ae",
                        "attributes": {
                            "id": "igw-c9b4c2ae",
                            "tags.%": "1",
                            "tags.Name": "pipeline_1_vpc_ig",
                            "vpc_id": "vpc-8378ece5"
                        },
                        "meta": {},
                        "tainted": false
                    },
                    "deposed": [],
                    "provider": ""
                },
                "aws_key_pair.pipeline_1_key_pair": {
                    "type": "aws_key_pair",
                    "depends_on": [],
                    "primary": {
                        "id": "pipeline-key",
                        "attributes": {
                            "fingerprint": "f7:8a:21:e9:95:4e:43:93:fb:08:11:40:9c:89:8e:06",
                            "id": "pipeline-key",
                            "key_name": "pipeline-key",
                            "public_key": "ssh-rsa AAAAB3NzaC1yc2EAAAADAQABAAACAQDQpHr9rkN1H4cmNIWKplQlTXKm/r3f6UeoD/H9lykZf5K5/2foY0Gqj4OKRVlDBBmwCVGl5N7XW9cWy2FuzY05RIH5+e7oaeQhppdzxGZdz190ImusRbVGhZTGO5gsy+GHjlpyHmjfmv0afxWroeo8SRhu/bkWjulGP7AdSJLEGZKgwFZdvoeGzbjfzC48gyBvRRsssOCxqEOW3mMzNipm6hoIUdkYFmVF3PL1LgrLhTZ2oIGRIt2R7wvUhkbGNVHVhvLg0BgJ73mQEWhjrELtc9lg6RmtlsGVKfq47BwkmrNcu691IfdelaHZXKujzMbZyxIzLzupGJ9c/sMUs1ON9WZCfUmtL9wgNa+TvZXLhk1CeF91AM6IakFHjA7unKsysrh0msKSos5Oa5fGD5oLvURbLzrNOMCE1IK0xn8N/9yW7Jje1bKquiyEuS9hPgY5HpmI6DuHxq/8nk0moC5SchNu/SK4zFjkDf1zDILQsrPCOBmmN7FiF7m5nmtb7Erj+qxAFxE1td3i6o6N7Kfbenw2EKmwESzDqb+Gvn2df24s0ika0sqFRZuUb146ZzRHNOOdZ0sHlStUYCfUKq4f6SZeYGZ1V4Kal/eqetOFRj6a163E9oBG2Ua04WU7naaGvJ94WGaMuwrygQeVTdBj+F1GTYbqmT8Vu2cs4lca1w== Tunde Oladipupo"
                        },
                        "meta": {
                            "schema_version": "1"
                        },
                        "tainted": false
                    },
                    "deposed": [],
                    "provider": ""
                },
                "aws_route_table.pipeline_1_route_table": {
                    "type": "aws_route_table",
                    "depends_on": [
                        "aws_internet_gateway.pipeline_1_vpc_igw",
                        "aws_vpc.pipeline_1_vpc"
                    ],
                    "primary": {
                        "id": "rtb-7556bc0c",
                        "attributes": {
                            "id": "rtb-7556bc0c",
                            "propagating_vgws.#": "0",
                            "route.#": "1",
                            "route.1229141942.cidr_block": "0.0.0.0/0",
                            "route.1229141942.egress_only_gateway_id": "",
                            "route.1229141942.gateway_id": "igw-c9b4c2ae",
                            "route.1229141942.instance_id": "",
                            "route.1229141942.ipv6_cidr_block": "",
                            "route.1229141942.nat_gateway_id": "",
                            "route.1229141942.network_interface_id": "",
                            "route.1229141942.vpc_peering_connection_id": "",
                            "tags.%": "1",
                            "tags.Name": "pipeline_1_route_table",
                            "vpc_id": "vpc-8378ece5"
                        },
                        "meta": {},
                        "tainted": false
                    },
                    "deposed": [],
                    "provider": ""
                },
                "aws_route_table_association.pipeline_1_vpc_sub1_rt_assoc": {
                    "type": "aws_route_table_association",
                    "depends_on": [
                        "aws_route_table.pipeline_1_route_table",
                        "aws_subnet.pipeline_1_vpc_subnet_1"
                    ],
                    "primary": {
                        "id": "rtbassoc-ba2396c2",
                        "attributes": {
                            "id": "rtbassoc-ba2396c2",
                            "route_table_id": "rtb-7556bc0c",
                            "subnet_id": "subnet-502aef18"
                        },
                        "meta": {},
                        "tainted": false
                    },
                    "deposed": [],
                    "provider": ""
                },
                "aws_route_table_association.pipeline_1_vpc_sub2_rt_assoc": {
                    "type": "aws_route_table_association",
                    "depends_on": [
                        "aws_route_table.pipeline_1_route_table",
                        "aws_subnet.pipeline_1_vpc_subnet_2"
                    ],
                    "primary": {
                        "id": "rtbassoc-bc2693c4",
                        "attributes": {
                            "id": "rtbassoc-bc2693c4",
                            "route_table_id": "rtb-7556bc0c",
                            "subnet_id": "subnet-20872046"
                        },
                        "meta": {},
                        "tainted": false
                    },
                    "deposed": [],
                    "provider": ""
                },
                "aws_security_group.pipeline_1_security_group_ec2": {
                    "type": "aws_security_group",
                    "depends_on": [
                        "aws_security_group.pipeline_1_security_group_elb",
                        "aws_vpc.pipeline_1_vpc"
                    ],
                    "primary": {
                        "id": "sg-d0ebebaa",
                        "attributes": {
                            "description": "Only allows port 80 and 22",
                            "egress.#": "1",
                            "egress.482069346.cidr_blocks.#": "1",
                            "egress.482069346.cidr_blocks.0": "0.0.0.0/0",
                            "egress.482069346.from_port": "0",
                            "egress.482069346.ipv6_cidr_blocks.#": "0",
                            "egress.482069346.prefix_list_ids.#": "0",
                            "egress.482069346.protocol": "-1",
                            "egress.482069346.security_groups.#": "0",
                            "egress.482069346.self": "false",
                            "egress.482069346.to_port": "0",
                            "id": "sg-d0ebebaa",
                            "ingress.#": "2",
                            "ingress.1398944234.cidr_blocks.#": "0",
                            "ingress.1398944234.from_port": "0",
                            "ingress.1398944234.ipv6_cidr_blocks.#": "0",
                            "ingress.1398944234.protocol": "-1",
                            "ingress.1398944234.security_groups.#": "1",
                            "ingress.1398944234.security_groups.3073048171": "sg-6fecec15",
                            "ingress.1398944234.self": "false",
                            "ingress.1398944234.to_port": "0",
                            "ingress.2541437006.cidr_blocks.#": "1",
                            "ingress.2541437006.cidr_blocks.0": "0.0.0.0/0",
                            "ingress.2541437006.from_port": "22",
                            "ingress.2541437006.ipv6_cidr_blocks.#": "0",
                            "ingress.2541437006.protocol": "tcp",
                            "ingress.2541437006.security_groups.#": "0",
                            "ingress.2541437006.self": "false",
                            "ingress.2541437006.to_port": "22",
                            "name": "pipeline-1-security-group-ec2",
                            "owner_id": "143464472856",
                            "tags.%": "0",
                            "vpc_id": "vpc-8378ece5"
                        },
                        "meta": {},
                        "tainted": false
                    },
                    "deposed": [],
                    "provider": ""
                },
                "aws_security_group.pipeline_1_security_group_elb": {
                    "type": "aws_security_group",
                    "depends_on": [
                        "aws_vpc.pipeline_1_vpc"
                    ],
                    "primary": {
                        "id": "sg-6fecec15",
                        "attributes": {
                            "description": "Only allows port 80 and 22",
                            "egress.#": "1",
                            "egress.482069346.cidr_blocks.#": "1",
                            "egress.482069346.cidr_blocks.0": "0.0.0.0/0",
                            "egress.482069346.from_port": "0",
                            "egress.482069346.ipv6_cidr_blocks.#": "0",
                            "egress.482069346.prefix_list_ids.#": "0",
                            "egress.482069346.protocol": "-1",
                            "egress.482069346.security_groups.#": "0",
                            "egress.482069346.self": "false",
                            "egress.482069346.to_port": "0",
                            "id": "sg-6fecec15",
                            "ingress.#": "1",
                            "ingress.2214680975.cidr_blocks.#": "1",
                            "ingress.2214680975.cidr_blocks.0": "0.0.0.0/0",
                            "ingress.2214680975.from_port": "80",
                            "ingress.2214680975.ipv6_cidr_blocks.#": "0",
                            "ingress.2214680975.protocol": "tcp",
                            "ingress.2214680975.security_groups.#": "0",
                            "ingress.2214680975.self": "false",
                            "ingress.2214680975.to_port": "80",
                            "name": "pipeline-1-security-group-elb",
                            "owner_id": "143464472856",
                            "tags.%": "0",
                            "vpc_id": "vpc-8378ece5"
                        },
                        "meta": {},
                        "tainted": false
                    },
                    "deposed": [],
                    "provider": ""
                },
                "aws_subnet.pipeline_1_vpc_subnet_1": {
                    "type": "aws_subnet",
                    "depends_on": [
                        "aws_vpc.pipeline_1_vpc"
                    ],
                    "primary": {
                        "id": "subnet-502aef18",
                        "attributes": {
                            "assign_ipv6_address_on_creation": "false",
                            "availability_zone": "us-west-2a",
                            "cidr_block": "10.0.0.0/24",
                            "id": "subnet-502aef18",
                            "map_public_ip_on_launch": "true",
                            "tags.%": "1",
                            "tags.Name": "pipeline_1_vpc_subnet_1",
                            "vpc_id": "vpc-8378ece5"
                        },
                        "meta": {
                            "schema_version": "1"
                        },
                        "tainted": false
                    },
                    "deposed": [],
                    "provider": ""
                },
                "aws_subnet.pipeline_1_vpc_subnet_2": {
                    "type": "aws_subnet",
                    "depends_on": [
                        "aws_vpc.pipeline_1_vpc"
                    ],
                    "primary": {
                        "id": "subnet-20872046",
                        "attributes": {
                            "assign_ipv6_address_on_creation": "false",
                            "availability_zone": "us-west-2b",
                            "cidr_block": "10.0.1.0/24",
                            "id": "subnet-20872046",
                            "map_public_ip_on_launch": "true",
                            "tags.%": "1",
                            "tags.Name": "pipeline_1_vpc_subnet_2",
                            "vpc_id": "vpc-8378ece5"
                        },
                        "meta": {
                            "schema_version": "1"
                        },
                        "tainted": false
                    },
                    "deposed": [],
                    "provider": ""
                },
                "aws_vpc.pipeline_1_vpc": {
                    "type": "aws_vpc",
                    "depends_on": [],
                    "primary": {
                        "id": "vpc-8378ece5",
                        "attributes": {
                            "assign_generated_ipv6_cidr_block": "false",
                            "cidr_block": "10.0.0.0/16",
                            "default_network_acl_id": "acl-29d3f04f",
                            "default_route_table_id": "rtb-b653b9cf",
                            "default_security_group_id": "sg-08efef72",
                            "dhcp_options_id": "dopt-801f1ee5",
                            "enable_classiclink": "false",
                            "enable_dns_hostnames": "true",
                            "enable_dns_support": "true",
                            "id": "vpc-8378ece5",
                            "instance_tenancy": "default",
                            "main_route_table_id": "rtb-b653b9cf",
                            "tags.%": "1",
                            "tags.Name": "pipeline_1_vpc"
                        },
                        "meta": {
                            "schema_version": "1"
                        },
                        "tainted": false
                    },
                    "deposed": [],
                    "provider": ""
                }
            },
            "depends_on": []
        },
        {
            "path": [
                "root",
                "qa_environment_blue"
            ],
            "outputs": {},
            "resources": {},
            "depends_on": []
        },
        {
            "path": [
                "root",
                "staging_environment_blue"
            ],
            "outputs": {},
            "resources": {},
            "depends_on": []
        },
        {
            "path": [
                "root",
                "staging_environment_green"
            ],
            "outputs": {},
            "resources": {},
            "depends_on": []
        }
    ]
}
